
Microsoft Visual Studio Solution File, Format Version 12.00
# Visual Studio Version 17
VisualStudioVersion = 17.7.34009.444
MinimumVisualStudioVersion = 10.0.40219.1
Project("{FAE04EC0-301F-11D3-BF4B-00C04F79EFBC}") = "MyPractice1", "MyPractice1\MyPractice1.csproj", "{514BFCA6-41F9-462E-AC83-D3CB07A7D356}"
EndProject
Global
	GlobalSection(SolutionConfigurationPlatforms) = preSolution
		Debug|Any CPU = Debug|Any CPU
		Release|Any CPU = Release|Any CPU
	EndGlobalSection
	GlobalSection(ProjectConfigurationPlatforms) = postSolution
		{514BFCA6-41F9-462E-AC83-D3CB07A7D356}.Debug|Any CPU.ActiveCfg = Debug|Any CPU
		{514BFCA6-41F9-462E-AC83-D3CB07A7D356}.Debug|Any CPU.Build.0 = Debug|Any CPU
		{514BFCA6-41F9-462E-AC83-D3CB07A7D356}.Release|Any CPU.ActiveCfg = Release|Any CPU
		{514BFCA6-41F9-462E-AC83-D3CB07A7D356}.Release|Any CPU.Build.0 = Release|Any CPU
	EndGlobalSection
	GlobalSection(SolutionProperties) = preSolution
		HideSolutionNode = FALSE
	EndGlobalSection
	GlobalSection(ExtensibilityGlobals) = postSolution
		SolutionGuid = {C7A3CB50-3E52-4C34-BB49-4F2CE593E977}
	EndGlobalSection
EndGlobal
