
Microsoft Visual Studio Solution File, Format Version 12.00
# Visual Studio Version 17
VisualStudioVersion = 17.7.34009.444
MinimumVisualStudioVersion = 10.0.40219.1
Project("{FAE04EC0-301F-11D3-BF4B-00C04F79EFBC}") = "MyPractice2", "MyPractice2\MyPractice2.csproj", "{D576C941-AD84-4DC9-A5F0-4ADB38DE93C6}"
EndProject
Global
	GlobalSection(SolutionConfigurationPlatforms) = preSolution
		Debug|Any CPU = Debug|Any CPU
		Release|Any CPU = Release|Any CPU
	EndGlobalSection
	GlobalSection(ProjectConfigurationPlatforms) = postSolution
		{D576C941-AD84-4DC9-A5F0-4ADB38DE93C6}.Debug|Any CPU.ActiveCfg = Debug|Any CPU
		{D576C941-AD84-4DC9-A5F0-4ADB38DE93C6}.Debug|Any CPU.Build.0 = Debug|Any CPU
		{D576C941-AD84-4DC9-A5F0-4ADB38DE93C6}.Release|Any CPU.ActiveCfg = Release|Any CPU
		{D576C941-AD84-4DC9-A5F0-4ADB38DE93C6}.Release|Any CPU.Build.0 = Release|Any CPU
	EndGlobalSection
	GlobalSection(SolutionProperties) = preSolution
		HideSolutionNode = FALSE
	EndGlobalSection
	GlobalSection(ExtensibilityGlobals) = postSolution
		SolutionGuid = {295ACAB9-2591-4F59-9B74-1F853D8D3113}
	EndGlobalSection
EndGlobal
